
Microsoft Visual Studio Solution File, Format Version 12.00
# Visual Studio Version 17
VisualStudioVersion = 17.0.31903.59
MinimumVisualStudioVersion = 10.0.40219.1
Project("{FAE04EC0-301F-11D3-BF4B-00C04F79EFBC}") = "Infrastructure", "Infrastructure\Infrastructure.csproj", "{137382EA-AA3D-4BA9-A3B7-0280ECD31558}"
EndProject
Project("{FAE04EC0-301F-11D3-BF4B-00C04F79EFBC}") = "Domain", "Domain\Domain.csproj", "{4AC3AC0D-CDCE-4BE7-948F-3FE65F7F35F6}"
EndProject
Project("{FAE04EC0-301F-11D3-BF4B-00C04F79EFBC}") = "Tests", "Tests\Tests.csproj", "{9AD477E4-51BF-4F5E-B114-C133B2B2C3AD}"
EndProject
Global
	GlobalSection(SolutionConfigurationPlatforms) = preSolution
		Debug|Any CPU = Debug|Any CPU
		Release|Any CPU = Release|Any CPU
	EndGlobalSection
	GlobalSection(SolutionProperties) = preSolution
		HideSolutionNode = FALSE
	EndGlobalSection
	GlobalSection(ProjectConfigurationPlatforms) = postSolution
		{137382EA-AA3D-4BA9-A3B7-0280ECD31558}.Debug|Any CPU.ActiveCfg = Debug|Any CPU
		{137382EA-AA3D-4BA9-A3B7-0280ECD31558}.Debug|Any CPU.Build.0 = Debug|Any CPU
		{137382EA-AA3D-4BA9-A3B7-0280ECD31558}.Release|Any CPU.ActiveCfg = Release|Any CPU
		{137382EA-AA3D-4BA9-A3B7-0280ECD31558}.Release|Any CPU.Build.0 = Release|Any CPU
		{4AC3AC0D-CDCE-4BE7-948F-3FE65F7F35F6}.Debug|Any CPU.ActiveCfg = Debug|Any CPU
		{4AC3AC0D-CDCE-4BE7-948F-3FE65F7F35F6}.Debug|Any CPU.Build.0 = Debug|Any CPU
		{4AC3AC0D-CDCE-4BE7-948F-3FE65F7F35F6}.Release|Any CPU.ActiveCfg = Release|Any CPU
		{4AC3AC0D-CDCE-4BE7-948F-3FE65F7F35F6}.Release|Any CPU.Build.0 = Release|Any CPU
		{9AD477E4-51BF-4F5E-B114-C133B2B2C3AD}.Debug|Any CPU.ActiveCfg = Debug|Any CPU
		{9AD477E4-51BF-4F5E-B114-C133B2B2C3AD}.Debug|Any CPU.Build.0 = Debug|Any CPU
		{9AD477E4-51BF-4F5E-B114-C133B2B2C3AD}.Release|Any CPU.ActiveCfg = Release|Any CPU
		{9AD477E4-51BF-4F5E-B114-C133B2B2C3AD}.Release|Any CPU.Build.0 = Release|Any CPU
	EndGlobalSection
EndGlobal
